
Microsoft Visual Studio Solution File, Format Version 11.00
# Visual Studio 2010
Project("{FAE04EC0-301F-11D3-BF4B-00C04F79EFBC}") = "CRUDLibrary", "CRUDLibrary\CRUDLibrary.csproj", "{F2F22365-0D5E-434D-9BEF-D866D2234B38}"
EndProject
Global
	GlobalSection(SolutionConfigurationPlatforms) = preSolution
		Debug|x86 = Debug|x86
		Release|x86 = Release|x86
	EndGlobalSection
	GlobalSection(ProjectConfigurationPlatforms) = postSolution
		{F2F22365-0D5E-434D-9BEF-D866D2234B38}.Debug|x86.ActiveCfg = Debug|x86
		{F2F22365-0D5E-434D-9BEF-D866D2234B38}.Debug|x86.Build.0 = Debug|x86
		{F2F22365-0D5E-434D-9BEF-D866D2234B38}.Release|x86.ActiveCfg = Release|x86
		{F2F22365-0D5E-434D-9BEF-D866D2234B38}.Release|x86.Build.0 = Release|x86
	EndGlobalSection
	GlobalSection(SolutionProperties) = preSolution
		HideSolutionNode = FALSE
	EndGlobalSection
EndGlobal
